// !$*UTF8*$!
{
	archiveVersion = 1;
	classes = {
	};
	objectVersion = 56;
	objects = {

/* Begin PBXBuildFile section */
		2657915B2BFEF6C300ED054B /* AppDelegate.m in Sources */ = {isa = PBXBuildFile; fileRef = 2657915A2BFEF6C300ED054B /* AppDelegate.m */; };
		2657915E2BFEF6C300ED054B /* SceneDelegate.m in Sources */ = {isa = PBXBuildFile; fileRef = 2657915D2BFEF6C300ED054B /* SceneDelegate.m */; };
		265791612BFEF6C300ED054B /* ViewController.m in Sources */ = {isa = PBXBuildFile; fileRef = 265791602BFEF6C300ED054B /* ViewController.m */; };
		265791642BFEF6C300ED054B /* Base in Resources */ = {isa = PBXBuildFile; fileRef = 265791632BFEF6C300ED054B /* Base */; };
		265791662BFEF6C300ED054B /* Assets.xcassets in Resources */ = {isa = PBXBuildFile; fileRef = 265791652BFEF6C300ED054B /* Assets.xcassets */; };
		265791692BFEF6C300ED054B /* Base in Resources */ = {isa = PBXBuildFile; fileRef = 265791682BFEF6C300ED054B /* Base */; };
		2657916C2BFEF6C300ED054B /* main.m in Sources */ = {isa = PBXBuildFile; fileRef = 2657916B2BFEF6C300ED054B /* main.m */; };
		265791792BFF02C500ED054B /* ProxyURLProtocol.m in Sources */ = {isa = PBXBuildFile; fileRef = 265791782BFF02C500ED054B /* ProxyURLProtocol.m */; };
		2657917C2BFF04DA00ED054B /* LocalServer.m in Sources */ = {isa = PBXBuildFile; fileRef = 2657917B2BFF04DA00ED054B /* LocalServer.m */; };
		265791812BFF253600ED054B /* index.html in Resources */ = {isa = PBXBuildFile; fileRef = 265791802BFF253600ED054B /* index.html */; };
		265791832BFF2E6000ED054B /* vault_boy.jpeg in Resources */ = {isa = PBXBuildFile; fileRef = 265791822BFF2E6000ED054B /* vault_boy.jpeg */; };
		265791852BFF347F00ED054B /* Immaterial.ttf in Resources */ = {isa = PBXBuildFile; fileRef = 265791842BFF347F00ED054B /* Immaterial.ttf */; };
		265791872BFF3BA300ED054B /* Lobster-Regular.ttf in Resources */ = {isa = PBXBuildFile; fileRef = 265791862BFF3BA300ED054B /* Lobster-Regular.ttf */; };
		265791922BFF4B8600ED054B /* my.cer in Resources */ = {isa = PBXBuildFile; fileRef = 2657918F2BFF4B8600ED054B /* my.cer */; };
		265791932BFF4B8600ED054B /* my.key in Resources */ = {isa = PBXBuildFile; fileRef = 265791902BFF4B8600ED054B /* my.key */; };
		265791942BFF4B8600ED054B /* my.p12 in Resources */ = {isa = PBXBuildFile; fileRef = 265791912BFF4B8600ED054B /* my.p12 */; };
		265791962BFF507A00ED054B /* certificate.der in Resources */ = {isa = PBXBuildFile; fileRef = 265791952BFF507A00ED054B /* certificate.der */; };
		265791982BFF54D700ED054B /* client.p12 in Resources */ = {isa = PBXBuildFile; fileRef = 265791972BFF54D700ED054B /* client.p12 */; };
		2657919A2BFFBF9700ED054B /* LINK.MD in Resources */ = {isa = PBXBuildFile; fileRef = 265791992BFFBF9700ED054B /* LINK.MD */; };
		265791A92BFFF0E200ED054B /* CertBot.m in Sources */ = {isa = PBXBuildFile; fileRef = 265791A82BFFF0E200ED054B /* CertBot.m */; };
		26C327A62C01C326006DB6F9 /* Config.m in Sources */ = {isa = PBXBuildFile; fileRef = 26C327A52C01C326006DB6F9 /* Config.m */; };
		26C327AB2C01D60A006DB6F9 /* HTML.m in Sources */ = {isa = PBXBuildFile; fileRef = 26C327AA2C01D60A006DB6F9 /* HTML.m */; };
		26C327AE2C01EF7C006DB6F9 /* FileProxy.m in Sources */ = {isa = PBXBuildFile; fileRef = 26C327AD2C01EF7C006DB6F9 /* FileProxy.m */; };
/* End PBXBuildFile section */

/* Begin PBXFileReference section */
		265791562BFEF6C300ED054B /* ProxyWebView.app */ = {isa = PBXFileReference; explicitFileType = wrapper.application; includeInIndex = 0; path = ProxyWebView.app; sourceTree = BUILT_PRODUCTS_DIR; };
		265791592BFEF6C300ED054B /* AppDelegate.h */ = {isa = PBXFileReference; lastKnownFileType = sourcecode.c.h; path = AppDelegate.h; sourceTree = "<group>"; };
		2657915A2BFEF6C300ED054B /* AppDelegate.m */ = {isa = PBXFileReference; lastKnownFileType = sourcecode.c.objc; path = AppDelegate.m; sourceTree = "<group>"; };
		2657915C2BFEF6C300ED054B /* SceneDelegate.h */ = {isa = PBXFileReference; lastKnownFileType = sourcecode.c.h; path = SceneDelegate.h; sourceTree = "<group>"; };
		2657915D2BFEF6C300ED054B /* SceneDelegate.m */ = {isa = PBXFileReference; lastKnownFileType = sourcecode.c.objc; path = SceneDelegate.m; sourceTree = "<group>"; };
		2657915F2BFEF6C300ED054B /* ViewController.h */ = {isa = PBXFileReference; lastKnownFileType = sourcecode.c.h; path = ViewController.h; sourceTree = "<group>"; };
		265791602BFEF6C300ED054B /* ViewController.m */ = {isa = PBXFileReference; lastKnownFileType = sourcecode.c.objc; path = ViewController.m; sourceTree = "<group>"; };
		265791632BFEF6C300ED054B /* Base */ = {isa = PBXFileReference; lastKnownFileType = file.storyboard; name = Base; path = Base.lproj/Main.storyboard; sourceTree = "<group>"; };
		265791652BFEF6C300ED054B /* Assets.xcassets */ = {isa = PBXFileReference; lastKnownFileType = folder.assetcatalog; path = Assets.xcassets; sourceTree = "<group>"; };
		265791682BFEF6C300ED054B /* Base */ = {isa = PBXFileReference; lastKnownFileType = file.storyboard; name = Base; path = Base.lproj/LaunchScreen.storyboard; sourceTree = "<group>"; };
		2657916A2BFEF6C300ED054B /* Info.plist */ = {isa = PBXFileReference; lastKnownFileType = text.plist.xml; path = Info.plist; sourceTree = "<group>"; };
		2657916B2BFEF6C300ED054B /* main.m */ = {isa = PBXFileReference; lastKnownFileType = sourcecode.c.objc; path = main.m; sourceTree = "<group>"; };
		265791772BFF02C500ED054B /* ProxyURLProtocol.h */ = {isa = PBXFileReference; lastKnownFileType = sourcecode.c.h; path = ProxyURLProtocol.h; sourceTree = "<group>"; };
		265791782BFF02C500ED054B /* ProxyURLProtocol.m */ = {isa = PBXFileReference; lastKnownFileType = sourcecode.c.objc; path = ProxyURLProtocol.m; sourceTree = "<group>"; };
		2657917A2BFF04DA00ED054B /* LocalServer.h */ = {isa = PBXFileReference; lastKnownFileType = sourcecode.c.h; path = LocalServer.h; sourceTree = "<group>"; };
		2657917B2BFF04DA00ED054B /* LocalServer.m */ = {isa = PBXFileReference; lastKnownFileType = sourcecode.c.objc; path = LocalServer.m; sourceTree = "<group>"; };
		265791802BFF253600ED054B /* index.html */ = {isa = PBXFileReference; lastKnownFileType = text.html; path = index.html; sourceTree = "<group>"; };
		265791822BFF2E6000ED054B /* vault_boy.jpeg */ = {isa = PBXFileReference; lastKnownFileType = image.jpeg; path = vault_boy.jpeg; sourceTree = "<group>"; };
		265791842BFF347F00ED054B /* Immaterial.ttf */ = {isa = PBXFileReference; lastKnownFileType = file; path = Immaterial.ttf; sourceTree = "<group>"; };
		265791862BFF3BA300ED054B /* Lobster-Regular.ttf */ = {isa = PBXFileReference; lastKnownFileType = file; path = "Lobster-Regular.ttf"; sourceTree = "<group>"; };
		2657918F2BFF4B8600ED054B /* my.cer */ = {isa = PBXFileReference; fileEncoding = 4; lastKnownFileType = text; path = my.cer; sourceTree = "<group>"; };
		265791902BFF4B8600ED054B /* my.key */ = {isa = PBXFileReference; fileEncoding = 4; lastKnownFileType = text; path = my.key; sourceTree = "<group>"; };
		265791912BFF4B8600ED054B /* my.p12 */ = {isa = PBXFileReference; lastKnownFileType = file; path = my.p12; sourceTree = "<group>"; };
		265791952BFF507A00ED054B /* certificate.der */ = {isa = PBXFileReference; lastKnownFileType = file; path = certificate.der; sourceTree = "<group>"; };
		265791972BFF54D700ED054B /* client.p12 */ = {isa = PBXFileReference; lastKnownFileType = file; path = client.p12; sourceTree = "<group>"; };
		265791992BFFBF9700ED054B /* LINK.MD */ = {isa = PBXFileReference; lastKnownFileType = net.daringfireball.markdown; path = LINK.MD; sourceTree = "<group>"; };
		265791A72BFFF0E200ED054B /* CertBot.h */ = {isa = PBXFileReference; lastKnownFileType = sourcecode.c.h; path = CertBot.h; sourceTree = "<group>"; };
		265791A82BFFF0E200ED054B /* CertBot.m */ = {isa = PBXFileReference; lastKnownFileType = sourcecode.c.objc; path = CertBot.m; sourceTree = "<group>"; };
		26C327A42C01C326006DB6F9 /* Config.h */ = {isa = PBXFileReference; lastKnownFileType = sourcecode.c.h; path = Config.h; sourceTree = "<group>"; };
		26C327A52C01C326006DB6F9 /* Config.m */ = {isa = PBXFileReference; lastKnownFileType = sourcecode.c.objc; path = Config.m; sourceTree = "<group>"; };
		26C327A92C01D60A006DB6F9 /* HTML.h */ = {isa = PBXFileReference; lastKnownFileType = sourcecode.c.h; path = HTML.h; sourceTree = "<group>"; };
		26C327AA2C01D60A006DB6F9 /* HTML.m */ = {isa = PBXFileReference; lastKnownFileType = sourcecode.c.objc; path = HTML.m; sourceTree = "<group>"; };
		26C327AC2C01EF7C006DB6F9 /* FileProxy.h */ = {isa = PBXFileReference; lastKnownFileType = sourcecode.c.h; path = FileProxy.h; sourceTree = "<group>"; };
		26C327AD2C01EF7C006DB6F9 /* FileProxy.m */ = {isa = PBXFileReference; lastKnownFileType = sourcecode.c.objc; path = FileProxy.m; sourceTree = "<group>"; };
/* End PBXFileReference section */

/* Begin PBXFrameworksBuildPhase section */
		265791532BFEF6C300ED054B /* Frameworks */ = {
			isa = PBXFrameworksBuildPhase;
			buildActionMask = 2147483647;
			files = (
			);
			runOnlyForDeploymentPostprocessing = 0;
		};
/* End PBXFrameworksBuildPhase section */

/* Begin PBXGroup section */
		2657914D2BFEF6C300ED054B = {
			isa = PBXGroup;
			children = (
				265791992BFFBF9700ED054B /* LINK.MD */,
				265791582BFEF6C300ED054B /* ProxyWebView */,
				265791572BFEF6C300ED054B /* Products */,
			);
			sourceTree = "<group>";
		};
		265791572BFEF6C300ED054B /* Products */ = {
			isa = PBXGroup;
			children = (
				265791562BFEF6C300ED054B /* ProxyWebView.app */,
			);
			name = Products;
			sourceTree = "<group>";
		};
		265791582BFEF6C300ED054B /* ProxyWebView */ = {
			isa = PBXGroup;
			children = (
				26C327A82C01D5FA006DB6F9 /* HTML */,
				265791882BFF4A3F00ED054B /* Certificates */,
				2657917F2BFF252200ED054B /* Assets */,
				265791762BFF026E00ED054B /* App */,
				265791752BFF025F00ED054B /* Scene */,
				26C327A72C01C4B3006DB6F9 /* ProxyURL */,
				2657915F2BFEF6C300ED054B /* ViewController.h */,
				265791602BFEF6C300ED054B /* ViewController.m */,
				265791622BFEF6C300ED054B /* Main.storyboard */,
				265791652BFEF6C300ED054B /* Assets.xcassets */,
				265791672BFEF6C300ED054B /* LaunchScreen.storyboard */,
				2657916A2BFEF6C300ED054B /* Info.plist */,
				2657916B2BFEF6C300ED054B /* main.m */,
				26C327A42C01C326006DB6F9 /* Config.h */,
				26C327A52C01C326006DB6F9 /* Config.m */,
				2657917A2BFF04DA00ED054B /* LocalServer.h */,
				2657917B2BFF04DA00ED054B /* LocalServer.m */,
				265791A72BFFF0E200ED054B /* CertBot.h */,
				265791A82BFFF0E200ED054B /* CertBot.m */,
				26C327AC2C01EF7C006DB6F9 /* FileProxy.h */,
				26C327AD2C01EF7C006DB6F9 /* FileProxy.m */,
			);
			path = ProxyWebView;
			sourceTree = "<group>";
		};
		265791752BFF025F00ED054B /* Scene */ = {
			isa = PBXGroup;
			children = (
				2657915C2BFEF6C300ED054B /* SceneDelegate.h */,
				2657915D2BFEF6C300ED054B /* SceneDelegate.m */,
			);
			path = Scene;
			sourceTree = "<group>";
		};
		265791762BFF026E00ED054B /* App */ = {
			isa = PBXGroup;
			children = (
				265791592BFEF6C300ED054B /* AppDelegate.h */,
				2657915A2BFEF6C300ED054B /* AppDelegate.m */,
			);
			path = App;
			sourceTree = "<group>";
		};
		2657917F2BFF252200ED054B /* Assets */ = {
			isa = PBXGroup;
			children = (
				265791862BFF3BA300ED054B /* Lobster-Regular.ttf */,
				265791842BFF347F00ED054B /* Immaterial.ttf */,
				265791822BFF2E6000ED054B /* vault_boy.jpeg */,
				265791802BFF253600ED054B /* index.html */,
			);
			path = Assets;
			sourceTree = "<group>";
		};
		265791882BFF4A3F00ED054B /* Certificates */ = {
			isa = PBXGroup;
			children = (
				265791972BFF54D700ED054B /* client.p12 */,
				265791952BFF507A00ED054B /* certificate.der */,
				2657918F2BFF4B8600ED054B /* my.cer */,
				265791902BFF4B8600ED054B /* my.key */,
				265791912BFF4B8600ED054B /* my.p12 */,
			);
			path = Certificates;
			sourceTree = "<group>";
		};
		26C327A72C01C4B3006DB6F9 /* ProxyURL */ = {
			isa = PBXGroup;
			children = (
				265791772BFF02C500ED054B /* ProxyURLProtocol.h */,
				265791782BFF02C500ED054B /* ProxyURLProtocol.m */,
			);
			path = ProxyURL;
			sourceTree = "<group>";
		};
		26C327A82C01D5FA006DB6F9 /* HTML */ = {
			isa = PBXGroup;
			children = (
				26C327A92C01D60A006DB6F9 /* HTML.h */,
				26C327AA2C01D60A006DB6F9 /* HTML.m */,
			);
			path = HTML;
			sourceTree = "<group>";
		};
/* End PBXGroup section */

/* Begin PBXNativeTarget section */
		265791552BFEF6C300ED054B /* ProxyWebView */ = {
			isa = PBXNativeTarget;
			buildConfigurationList = 2657916F2BFEF6C300ED054B /* Build configuration list for PBXNativeTarget "ProxyWebView" */;
			buildPhases = (
				265791522BFEF6C300ED054B /* Sources */,
				265791532BFEF6C300ED054B /* Frameworks */,
				265791542BFEF6C300ED054B /* Resources */,
			);
			buildRules = (
			);
			dependencies = (
			);
			name = ProxyWebView;
			productName = ProxyWebView;
			productReference = 265791562BFEF6C300ED054B /* ProxyWebView.app */;
			productType = "com.apple.product-type.application";
		};
/* End PBXNativeTarget section */

/* Begin PBXProject section */
		2657914E2BFEF6C300ED054B /* Project object */ = {
			isa = PBXProject;
			attributes = {
				BuildIndependentTargetsInParallel = 1;
				LastUpgradeCheck = 1540;
				TargetAttributes = {
					265791552BFEF6C300ED054B = {
						CreatedOnToolsVersion = 15.4;
					};
				};
			};
			buildConfigurationList = 265791512BFEF6C300ED054B /* Build configuration list for PBXProject "ProxyWebView" */;
			compatibilityVersion = "Xcode 14.0";
			developmentRegion = en;
			hasScannedForEncodings = 0;
			knownRegions = (
				en,
				Base,
			);
			mainGroup = 2657914D2BFEF6C300ED054B;
			productRefGroup = 265791572BFEF6C300ED054B /* Products */;
			projectDirPath = "";
			projectRoot = "";
			targets = (
				265791552BFEF6C300ED054B /* ProxyWebView */,
			);
		};
/* End PBXProject section */

/* Begin PBXResourcesBuildPhase section */
		265791542BFEF6C300ED054B /* Resources */ = {
			isa = PBXResourcesBuildPhase;
			buildActionMask = 2147483647;
			files = (
				265791812BFF253600ED054B /* index.html in Resources */,
				265791852BFF347F00ED054B /* Immaterial.ttf in Resources */,
				265791832BFF2E6000ED054B /* vault_boy.jpeg in Resources */,
				265791932BFF4B8600ED054B /* my.key in Resources */,
				265791872BFF3BA300ED054B /* Lobster-Regular.ttf in Resources */,
				265791942BFF4B8600ED054B /* my.p12 in Resources */,
				265791982BFF54D700ED054B /* client.p12 in Resources */,
				265791922BFF4B8600ED054B /* my.cer in Resources */,
				265791962BFF507A00ED054B /* certificate.der in Resources */,
				265791662BFEF6C300ED054B /* Assets.xcassets in Resources */,
				265791692BFEF6C300ED054B /* Base in Resources */,
				265791642BFEF6C300ED054B /* Base in Resources */,
				2657919A2BFFBF9700ED054B /* LINK.MD in Resources */,
			);
			runOnlyForDeploymentPostprocessing = 0;
		};
/* End PBXResourcesBuildPhase section */

/* Begin PBXSourcesBuildPhase section */
		265791522BFEF6C300ED054B /* Sources */ = {
			isa = PBXSourcesBuildPhase;
			buildActionMask = 2147483647;
			files = (
				265791792BFF02C500ED054B /* ProxyURLProtocol.m in Sources */,
				26C327AB2C01D60A006DB6F9 /* HTML.m in Sources */,
				26C327A62C01C326006DB6F9 /* Config.m in Sources */,
				265791612BFEF6C300ED054B /* ViewController.m in Sources */,
				2657915B2BFEF6C300ED054B /* AppDelegate.m in Sources */,
				2657916C2BFEF6C300ED054B /* main.m in Sources */,
				265791A92BFFF0E200ED054B /* CertBot.m in Sources */,
				2657917C2BFF04DA00ED054B /* LocalServer.m in Sources */,
				26C327AE2C01EF7C006DB6F9 /* FileProxy.m in Sources */,
				2657915E2BFEF6C300ED054B /* SceneDelegate.m in Sources */,
			);
			runOnlyForDeploymentPostprocessing = 0;
		};
/* End PBXSourcesBuildPhase section */

/* Begin PBXVariantGroup section */
		265791622BFEF6C300ED054B /* Main.storyboard */ = {
			isa = PBXVariantGroup;
			children = (
				265791632BFEF6C300ED054B /* Base */,
			);
			name = Main.storyboard;
			sourceTree = "<group>";
		};
		265791672BFEF6C300ED054B /* LaunchScreen.storyboard */ = {
			isa = PBXVariantGroup;
			children = (
				265791682BFEF6C300ED054B /* Base */,
			);
			name = LaunchScreen.storyboard;
			sourceTree = "<group>";
		};
/* End PBXVariantGroup section */

/* Begin XCBuildConfiguration section */
		2657916D2BFEF6C300ED054B /* Debug */ = {
			isa = XCBuildConfiguration;
			buildSettings = {
				ALWAYS_SEARCH_USER_PATHS = NO;
				ASSETCATALOG_COMPILER_GENERATE_SWIFT_ASSET_SYMBOL_EXTENSIONS = YES;
				CLANG_ANALYZER_NONNULL = YES;
				CLANG_ANALYZER_NUMBER_OBJECT_CONVERSION = YES_AGGRESSIVE;
				CLANG_CXX_LANGUAGE_STANDARD = "gnu++20";
				CLANG_ENABLE_MODULES = YES;
				CLANG_ENABLE_OBJC_ARC = YES;
				CLANG_ENABLE_OBJC_WEAK = YES;
				CLANG_WARN_BLOCK_CAPTURE_AUTORELEASING = YES;
				CLANG_WARN_BOOL_CONVERSION = YES;
				CLANG_WARN_COMMA = YES;
				CLANG_WARN_CONSTANT_CONVERSION = YES;
				CLANG_WARN_DEPRECATED_OBJC_IMPLEMENTATIONS = YES;
				CLANG_WARN_DIRECT_OBJC_ISA_USAGE = YES_ERROR;
				CLANG_WARN_DOCUMENTATION_COMMENTS = YES;
				CLANG_WARN_EMPTY_BODY = YES;
				CLANG_WARN_ENUM_CONVERSION = YES;
				CLANG_WARN_INFINITE_RECURSION = YES;
				CLANG_WARN_INT_CONVERSION = YES;
				CLANG_WARN_NON_LITERAL_NULL_CONVERSION = YES;
				CLANG_WARN_OBJC_IMPLICIT_RETAIN_SELF = YES;
				CLANG_WARN_OBJC_LITERAL_CONVERSION = YES;
				CLANG_WARN_OBJC_ROOT_CLASS = YES_ERROR;
				CLANG_WARN_QUOTED_INCLUDE_IN_FRAMEWORK_HEADER = YES;
				CLANG_WARN_RANGE_LOOP_ANALYSIS = YES;
				CLANG_WARN_STRICT_PROTOTYPES = YES;
				CLANG_WARN_SUSPICIOUS_MOVE = YES;
				CLANG_WARN_UNGUARDED_AVAILABILITY = YES_AGGRESSIVE;
				CLANG_WARN_UNREACHABLE_CODE = YES;
				CLANG_WARN__DUPLICATE_METHOD_MATCH = YES;
				COPY_PHASE_STRIP = NO;
				DEBUG_INFORMATION_FORMAT = dwarf;
				ENABLE_STRICT_OBJC_MSGSEND = YES;
				ENABLE_TESTABILITY = YES;
				ENABLE_USER_SCRIPT_SANDBOXING = YES;
				GCC_C_LANGUAGE_STANDARD = gnu17;
				GCC_DYNAMIC_NO_PIC = NO;
				GCC_NO_COMMON_BLOCKS = YES;
				GCC_OPTIMIZATION_LEVEL = 0;
				GCC_PREPROCESSOR_DEFINITIONS = (
					"DEBUG=1",
					"$(inherited)",
				);
				GCC_WARN_64_TO_32_BIT_CONVERSION = YES;
				GCC_WARN_ABOUT_RETURN_TYPE = YES_ERROR;
				GCC_WARN_UNDECLARED_SELECTOR = YES;
				GCC_WARN_UNINITIALIZED_AUTOS = YES_AGGRESSIVE;
				GCC_WARN_UNUSED_FUNCTION = YES;
				GCC_WARN_UNUSED_VARIABLE = YES;
				IPHONEOS_DEPLOYMENT_TARGET = 17.5;
				LOCALIZATION_PREFERS_STRING_CATALOGS = YES;
				MTL_ENABLE_DEBUG_INFO = INCLUDE_SOURCE;
				MTL_FAST_MATH = YES;
				ONLY_ACTIVE_ARCH = YES;
				SDKROOT = iphoneos;
			};
			name = Debug;
		};
		2657916E2BFEF6C300ED054B /* Release */ = {
			isa = XCBuildConfiguration;
			buildSettings = {
				ALWAYS_SEARCH_USER_PATHS = NO;
				ASSETCATALOG_COMPILER_GENERATE_SWIFT_ASSET_SYMBOL_EXTENSIONS = YES;
				CLANG_ANALYZER_NONNULL = YES;
				CLANG_ANALYZER_NUMBER_OBJECT_CONVERSION = YES_AGGRESSIVE;
				CLANG_CXX_LANGUAGE_STANDARD = "gnu++20";
				CLANG_ENABLE_MODULES = YES;
				CLANG_ENABLE_OBJC_ARC = YES;
				CLANG_ENABLE_OBJC_WEAK = YES;
				CLANG_WARN_BLOCK_CAPTURE_AUTORELEASING = YES;
				CLANG_WARN_BOOL_CONVERSION = YES;
				CLANG_WARN_COMMA = YES;
				CLANG_WARN_CONSTANT_CONVERSION = YES;
				CLANG_WARN_DEPRECATED_OBJC_IMPLEMENTATIONS = YES;
				CLANG_WARN_DIRECT_OBJC_ISA_USAGE = YES_ERROR;
				CLANG_WARN_DOCUMENTATION_COMMENTS = YES;
				CLANG_WARN_EMPTY_BODY = YES;
				CLANG_WARN_ENUM_CONVERSION = YES;
				CLANG_WARN_INFINITE_RECURSION = YES;
				CLANG_WARN_INT_CONVERSION = YES;
				CLANG_WARN_NON_LITERAL_NULL_CONVERSION = YES;
				CLANG_WARN_OBJC_IMPLICIT_RETAIN_SELF = YES;
				CLANG_WARN_OBJC_LITERAL_CONVERSION = YES;
				CLANG_WARN_OBJC_ROOT_CLASS = YES_ERROR;
				CLANG_WARN_QUOTED_INCLUDE_IN_FRAMEWORK_HEADER = YES;
				CLANG_WARN_RANGE_LOOP_ANALYSIS = YES;
				CLANG_WARN_STRICT_PROTOTYPES = YES;
				CLANG_WARN_SUSPICIOUS_MOVE = YES;
				CLANG_WARN_UNGUARDED_AVAILABILITY = YES_AGGRESSIVE;
				CLANG_WARN_UNREACHABLE_CODE = YES;
				CLANG_WARN__DUPLICATE_METHOD_MATCH = YES;
				COPY_PHASE_STRIP = NO;
				DEBUG_INFORMATION_FORMAT = "dwarf-with-dsym";
				ENABLE_NS_ASSERTIONS = NO;
				ENABLE_STRICT_OBJC_MSGSEND = YES;
				ENABLE_USER_SCRIPT_SANDBOXING = YES;
				GCC_C_LANGUAGE_STANDARD = gnu17;
				GCC_NO_COMMON_BLOCKS = YES;
				GCC_WARN_64_TO_32_BIT_CONVERSION = YES;
				GCC_WARN_ABOUT_RETURN_TYPE = YES_ERROR;
				GCC_WARN_UNDECLARED_SELECTOR = YES;
				GCC_WARN_UNINITIALIZED_AUTOS = YES_AGGRESSIVE;
				GCC_WARN_UNUSED_FUNCTION = YES;
				GCC_WARN_UNUSED_VARIABLE = YES;
				IPHONEOS_DEPLOYMENT_TARGET = 17.5;
				LOCALIZATION_PREFERS_STRING_CATALOGS = YES;
				MTL_ENABLE_DEBUG_INFO = NO;
				MTL_FAST_MATH = YES;
				SDKROOT = iphoneos;
				VALIDATE_PRODUCT = YES;
			};
			name = Release;
		};
		265791702BFEF6C300ED054B /* Debug */ = {
			isa = XCBuildConfiguration;
			buildSettings = {
				ASSETCATALOG_COMPILER_APPICON_NAME = AppIcon;
				ASSETCATALOG_COMPILER_GLOBAL_ACCENT_COLOR_NAME = AccentColor;
				CODE_SIGN_STYLE = Automatic;
				CURRENT_PROJECT_VERSION = 1;
				DEVELOPMENT_TEAM = EDRWBR8M76;
				GENERATE_INFOPLIST_FILE = YES;
				INFOPLIST_FILE = ProxyWebView/Info.plist;
				INFOPLIST_KEY_UIApplicationSupportsIndirectInputEvents = YES;
				INFOPLIST_KEY_UILaunchStoryboardName = LaunchScreen;
				INFOPLIST_KEY_UIMainStoryboardFile = Main;
				INFOPLIST_KEY_UISupportedInterfaceOrientations_iPad = "UIInterfaceOrientationPortrait UIInterfaceOrientationPortraitUpsideDown UIInterfaceOrientationLandscapeLeft UIInterfaceOrientationLandscapeRight";
				INFOPLIST_KEY_UISupportedInterfaceOrientations_iPhone = "UIInterfaceOrientationPortrait UIInterfaceOrientationLandscapeLeft UIInterfaceOrientationLandscapeRight";
				LD_RUNPATH_SEARCH_PATHS = (
					"$(inherited)",
					"@executable_path/Frameworks",
				);
				MARKETING_VERSION = 1.0;
				PRODUCT_BUNDLE_IDENTIFIER = com.asleepace.ProxyWebView;
				PRODUCT_NAME = "$(TARGET_NAME)";
				SWIFT_EMIT_LOC_STRINGS = YES;
				TARGETED_DEVICE_FAMILY = "1,2";
			};
			name = Debug;
		};
		265791712BFEF6C300ED054B /* Release */ = {
			isa = XCBuildConfiguration;
			buildSettings = {
				ASSETCATALOG_COMPILER_APPICON_NAME = AppIcon;
				ASSETCATALOG_COMPILER_GLOBAL_ACCENT_COLOR_NAME = AccentColor;
				CODE_SIGN_STYLE = Automatic;
				CURRENT_PROJECT_VERSION = 1;
				DEVELOPMENT_TEAM = EDRWBR8M76;
				GENERATE_INFOPLIST_FILE = YES;
				INFOPLIST_FILE = ProxyWebView/Info.plist;
				INFOPLIST_KEY_UIApplicationSupportsIndirectInputEvents = YES;
				INFOPLIST_KEY_UILaunchStoryboardName = LaunchScreen;
				INFOPLIST_KEY_UIMainStoryboardFile = Main;
				INFOPLIST_KEY_UISupportedInterfaceOrientations_iPad = "UIInterfaceOrientationPortrait UIInterfaceOrientationPortraitUpsideDown UIInterfaceOrientationLandscapeLeft UIInterfaceOrientationLandscapeRight";
				INFOPLIST_KEY_UISupportedInterfaceOrientations_iPhone = "UIInterfaceOrientationPortrait UIInterfaceOrientationLandscapeLeft UIInterfaceOrientationLandscapeRight";
				LD_RUNPATH_SEARCH_PATHS = (
					"$(inherited)",
					"@executable_path/Frameworks",
				);
				MARKETING_VERSION = 1.0;
				PRODUCT_BUNDLE_IDENTIFIER = com.asleepace.ProxyWebView;
				PRODUCT_NAME = "$(TARGET_NAME)";
				SWIFT_EMIT_LOC_STRINGS = YES;
				TARGETED_DEVICE_FAMILY = "1,2";
			};
			name = Release;
		};
/* End XCBuildConfiguration section */

/* Begin XCConfigurationList section */
		265791512BFEF6C300ED054B /* Build configuration list for PBXProject "ProxyWebView" */ = {
			isa = XCConfigurationList;
			buildConfigurations = (
				2657916D2BFEF6C300ED054B /* Debug */,
				2657916E2BFEF6C300ED054B /* Release */,
			);
			defaultConfigurationIsVisible = 0;
			defaultConfigurationName = Release;
		};
		2657916F2BFEF6C300ED054B /* Build configuration list for PBXNativeTarget "ProxyWebView" */ = {
			isa = XCConfigurationList;
			buildConfigurations = (
				265791702BFEF6C300ED054B /* Debug */,
				265791712BFEF6C300ED054B /* Release */,
			);
			defaultConfigurationIsVisible = 0;
			defaultConfigurationName = Release;
		};
/* End XCConfigurationList section */
	};
	rootObject = 2657914E2BFEF6C300ED054B /* Project object */;
}
